{
  "name": "@microck/revisor",
  "version": "0.1.5",
  "lockfileVersion": 3,
  "requires": true,
  "packages": {
    "": {
      "name": "@microck/revisor",
      "version": "0.1.5",
      "hasInstallScript": true,
      "license": "MIT",
      "bin": {
        "revisor": "bin/revisor.js"
      },
      "engines": {
        "node": ">=18"
      },
      "optionalDependencies": {
        "@microck/revisor-darwin-arm64": "0.1.5",
        "@microck/revisor-darwin-x64": "0.1.5",
        "@microck/revisor-linux-arm64": "0.1.5",
        "@microck/revisor-linux-x64": "0.1.5",
        "@microck/revisor-win32-arm64": "0.1.5",
        "@microck/revisor-win32-x64": "0.1.5"
      }
    },
    "node_modules/@microck/revisor-darwin-arm64": {
      "optional": true
    },
    "node_modules/@microck/revisor-darwin-x64": {
      "optional": true
    },
    "node_modules/@microck/revisor-linux-arm64": {
      "optional": true
    },
    "node_modules/@microck/revisor-linux-x64": {
      "optional": true
    },
    "node_modules/@microck/revisor-win32-arm64": {
      "optional": true
    },
    "node_modules/@microck/revisor-win32-x64": {
      "optional": true
    }
  }
}
